
Microsoft Visual Studio Solution File, Format Version 12.00
# Visual Studio Version 16
VisualStudioVersion = 16.0.29209.62
MinimumVisualStudioVersion = 10.0.40219.1
Project("{FAE04EC0-301F-11D3-BF4B-00C04F79EFBC}") = "QuickBuy.Dominio", "QuickBuy.Dominio\QuickBuy.Dominio.csproj", "{2651F03C-207A-443B-AEA8-D7132F1432A6}"
EndProject
Project("{FAE04EC0-301F-11D3-BF4B-00C04F79EFBC}") = "QuickBuy.Repositorio", "QuickBuy.Repositorio\QuickBuy.Repositorio.csproj", "{832ACDFF-6387-4C01-9CB8-4891C14D6FBF}"
EndProject
Project("{FAE04EC0-301F-11D3-BF4B-00C04F79EFBC}") = "QuickBuy.Web", "QuickBuy.Web\QuickBuy.Web.csproj", "{E7D25D7D-51EB-4FC1-A588-CF0E693CF364}"
EndProject
Global
	GlobalSection(SolutionConfigurationPlatforms) = preSolution
		Debug|Any CPU = Debug|Any CPU
		Release|Any CPU = Release|Any CPU
	EndGlobalSection
	GlobalSection(ProjectConfigurationPlatforms) = postSolution
		{2651F03C-207A-443B-AEA8-D7132F1432A6}.Debug|Any CPU.ActiveCfg = Debug|Any CPU
		{2651F03C-207A-443B-AEA8-D7132F1432A6}.Debug|Any CPU.Build.0 = Debug|Any CPU
		{2651F03C-207A-443B-AEA8-D7132F1432A6}.Release|Any CPU.ActiveCfg = Release|Any CPU
		{2651F03C-207A-443B-AEA8-D7132F1432A6}.Release|Any CPU.Build.0 = Release|Any CPU
		{832ACDFF-6387-4C01-9CB8-4891C14D6FBF}.Debug|Any CPU.ActiveCfg = Debug|Any CPU
		{832ACDFF-6387-4C01-9CB8-4891C14D6FBF}.Debug|Any CPU.Build.0 = Debug|Any CPU
		{832ACDFF-6387-4C01-9CB8-4891C14D6FBF}.Release|Any CPU.ActiveCfg = Release|Any CPU
		{832ACDFF-6387-4C01-9CB8-4891C14D6FBF}.Release|Any CPU.Build.0 = Release|Any CPU
		{E7D25D7D-51EB-4FC1-A588-CF0E693CF364}.Debug|Any CPU.ActiveCfg = Debug|Any CPU
		{E7D25D7D-51EB-4FC1-A588-CF0E693CF364}.Debug|Any CPU.Build.0 = Debug|Any CPU
		{E7D25D7D-51EB-4FC1-A588-CF0E693CF364}.Release|Any CPU.ActiveCfg = Release|Any CPU
		{E7D25D7D-51EB-4FC1-A588-CF0E693CF364}.Release|Any CPU.Build.0 = Release|Any CPU
	EndGlobalSection
	GlobalSection(SolutionProperties) = preSolution
		HideSolutionNode = FALSE
	EndGlobalSection
	GlobalSection(ExtensibilityGlobals) = postSolution
		SolutionGuid = {6F04DE24-8BE2-4347-87C4-0639593625A0}
	EndGlobalSection
EndGlobal
